
Microsoft Visual Studio Solution File, Format Version 12.00
# Visual Studio 15
VisualStudioVersion = 15.0.28010.2019
MinimumVisualStudioVersion = 10.0.40219.1
Project("{FAE04EC0-301F-11D3-BF4B-00C04F79EFBC}") = "PddOpenSdk", "PddOpenSdk\PddOpenSdk.csproj", "{48424733-B8B0-4B39-A918-79E50EB662F6}"
EndProject
Project("{FAE04EC0-301F-11D3-BF4B-00C04F79EFBC}") = "Sample", "Sample\Sample.csproj", "{746A369C-93C4-4F18-BFD7-E969BCBD1FD5}"
EndProject
Global
	GlobalSection(SolutionConfigurationPlatforms) = preSolution
		Debug|Any CPU = Debug|Any CPU
		Release|Any CPU = Release|Any CPU
	EndGlobalSection
	GlobalSection(ProjectConfigurationPlatforms) = postSolution
		{48424733-B8B0-4B39-A918-79E50EB662F6}.Debug|Any CPU.ActiveCfg = Debug|Any CPU
		{48424733-B8B0-4B39-A918-79E50EB662F6}.Debug|Any CPU.Build.0 = Debug|Any CPU
		{48424733-B8B0-4B39-A918-79E50EB662F6}.Release|Any CPU.ActiveCfg = Release|Any CPU
		{48424733-B8B0-4B39-A918-79E50EB662F6}.Release|Any CPU.Build.0 = Release|Any CPU
		{746A369C-93C4-4F18-BFD7-E969BCBD1FD5}.Debug|Any CPU.ActiveCfg = Debug|Any CPU
		{746A369C-93C4-4F18-BFD7-E969BCBD1FD5}.Debug|Any CPU.Build.0 = Debug|Any CPU
		{746A369C-93C4-4F18-BFD7-E969BCBD1FD5}.Release|Any CPU.ActiveCfg = Release|Any CPU
		{746A369C-93C4-4F18-BFD7-E969BCBD1FD5}.Release|Any CPU.Build.0 = Release|Any CPU
	EndGlobalSection
	GlobalSection(SolutionProperties) = preSolution
		HideSolutionNode = FALSE
	EndGlobalSection
	GlobalSection(ExtensibilityGlobals) = postSolution
		SolutionGuid = {4BB66BDA-C431-4ABA-A0D8-7BF8E317CEB5}
	EndGlobalSection
EndGlobal
